// !$*UTF8*$!
{
	archiveVersion = 1;
	classes = {
	};
	objectVersion = 56;
	objects = {

/* Begin PBXBuildFile section */
		DCCF2A8829C50EC000491767 /* AppDelegate.swift in Sources */ = {isa = PBXBuildFile; fileRef = DCCF2A8729C50EC000491767 /* AppDelegate.swift */; };
		DCCF2A8A29C50EC000491767 /* SceneDelegate.swift in Sources */ = {isa = PBXBuildFile; fileRef = DCCF2A8929C50EC000491767 /* SceneDelegate.swift */; };
		DCCF2A8C29C50EC000491767 /* TaskListViewController.swift in Sources */ = {isa = PBXBuildFile; fileRef = DCCF2A8B29C50EC000491767 /* TaskListViewController.swift */; };
		DCCF2A8F29C50EC000491767 /* Main.storyboard in Resources */ = {isa = PBXBuildFile; fileRef = DCCF2A8D29C50EC000491767 /* Main.storyboard */; };
		DCCF2A9129C50EC100491767 /* Assets.xcassets in Resources */ = {isa = PBXBuildFile; fileRef = DCCF2A9029C50EC100491767 /* Assets.xcassets */; };
		DCCF2A9429C50EC100491767 /* LaunchScreen.storyboard in Resources */ = {isa = PBXBuildFile; fileRef = DCCF2A9229C50EC100491767 /* LaunchScreen.storyboard */; };
		DCCF2A9C29C50EED00491767 /* Task.swift in Sources */ = {isa = PBXBuildFile; fileRef = DCCF2A9B29C50EED00491767 /* Task.swift */; };
		DCCF2A9E29C50FA200491767 /* TaskCell.swift in Sources */ = {isa = PBXBuildFile; fileRef = DCCF2A9D29C50FA200491767 /* TaskCell.swift */; };
		DCCF2AA029C51A6F00491767 /* TaskDetailViewController.swift in Sources */ = {isa = PBXBuildFile; fileRef = DCCF2A9F29C51A6F00491767 /* TaskDetailViewController.swift */; };
		DCCF2AA229C5261800491767 /* TaskAnnotationView.swift in Sources */ = {isa = PBXBuildFile; fileRef = DCCF2AA129C5261800491767 /* TaskAnnotationView.swift */; };
		DCCF2AA429C528AE00491767 /* TaskComposeViewController.swift in Sources */ = {isa = PBXBuildFile; fileRef = DCCF2AA329C528AE00491767 /* TaskComposeViewController.swift */; };
/* End PBXBuildFile section */

/* Begin PBXFileReference section */
		DCCF2A8429C50EC000491767 /* Scavenger Hunt.app */ = {isa = PBXFileReference; explicitFileType = wrapper.application; includeInIndex = 0; path = "Scavenger Hunt.app"; sourceTree = BUILT_PRODUCTS_DIR; };
		DCCF2A8729C50EC000491767 /* AppDelegate.swift */ = {isa = PBXFileReference; lastKnownFileType = sourcecode.swift; path = AppDelegate.swift; sourceTree = "<group>"; };
		DCCF2A8929C50EC000491767 /* SceneDelegate.swift */ = {isa = PBXFileReference; lastKnownFileType = sourcecode.swift; path = SceneDelegate.swift; sourceTree = "<group>"; };
		DCCF2A8B29C50EC000491767 /* TaskListViewController.swift */ = {isa = PBXFileReference; lastKnownFileType = sourcecode.swift; path = TaskListViewController.swift; sourceTree = "<group>"; };
		DCCF2A8E29C50EC000491767 /* Base */ = {isa = PBXFileReference; lastKnownFileType = file.storyboard; name = Base; path = Base.lproj/Main.storyboard; sourceTree = "<group>"; };
		DCCF2A9029C50EC100491767 /* Assets.xcassets */ = {isa = PBXFileReference; lastKnownFileType = folder.assetcatalog; path = Assets.xcassets; sourceTree = "<group>"; };
		DCCF2A9329C50EC100491767 /* Base */ = {isa = PBXFileReference; lastKnownFileType = file.storyboard; name = Base; path = Base.lproj/LaunchScreen.storyboard; sourceTree = "<group>"; };
		DCCF2A9529C50EC100491767 /* Info.plist */ = {isa = PBXFileReference; lastKnownFileType = text.plist.xml; path = Info.plist; sourceTree = "<group>"; };
		DCCF2A9B29C50EED00491767 /* Task.swift */ = {isa = PBXFileReference; lastKnownFileType = sourcecode.swift; path = Task.swift; sourceTree = "<group>"; };
		DCCF2A9D29C50FA200491767 /* TaskCell.swift */ = {isa = PBXFileReference; lastKnownFileType = sourcecode.swift; path = TaskCell.swift; sourceTree = "<group>"; };
		DCCF2A9F29C51A6F00491767 /* TaskDetailViewController.swift */ = {isa = PBXFileReference; lastKnownFileType = sourcecode.swift; path = TaskDetailViewController.swift; sourceTree = "<group>"; };
		DCCF2AA129C5261800491767 /* TaskAnnotationView.swift */ = {isa = PBXFileReference; lastKnownFileType = sourcecode.swift; path = TaskAnnotationView.swift; sourceTree = "<group>"; };
		DCCF2AA329C528AE00491767 /* TaskComposeViewController.swift */ = {isa = PBXFileReference; lastKnownFileType = sourcecode.swift; path = TaskComposeViewController.swift; sourceTree = "<group>"; };
/* End PBXFileReference section */

/* Begin PBXFrameworksBuildPhase section */
		DCCF2A8129C50EC000491767 /* Frameworks */ = {
			isa = PBXFrameworksBuildPhase;
			buildActionMask = 2147483647;
			files = (
			);
			runOnlyForDeploymentPostprocessing = 0;
		};
/* End PBXFrameworksBuildPhase section */

/* Begin PBXGroup section */
		DCCF2A7B29C50EC000491767 = {
			isa = PBXGroup;
			children = (
				DCCF2A8629C50EC000491767 /* Scavenger Hunt */,
				DCCF2A8529C50EC000491767 /* Products */,
			);
			sourceTree = "<group>";
		};
		DCCF2A8529C50EC000491767 /* Products */ = {
			isa = PBXGroup;
			children = (
				DCCF2A8429C50EC000491767 /* Scavenger Hunt.app */,
			);
			name = Products;
			sourceTree = "<group>";
		};
		DCCF2A8629C50EC000491767 /* Scavenger Hunt */ = {
			isa = PBXGroup;
			children = (
				DCCF2A8729C50EC000491767 /* AppDelegate.swift */,
				DCCF2A8929C50EC000491767 /* SceneDelegate.swift */,
				DCCF2A8B29C50EC000491767 /* TaskListViewController.swift */,
				DCCF2A8D29C50EC000491767 /* Main.storyboard */,
				DCCF2A9029C50EC100491767 /* Assets.xcassets */,
				DCCF2A9229C50EC100491767 /* LaunchScreen.storyboard */,
				DCCF2A9529C50EC100491767 /* Info.plist */,
				DCCF2A9B29C50EED00491767 /* Task.swift */,
				DCCF2A9D29C50FA200491767 /* TaskCell.swift */,
				DCCF2A9F29C51A6F00491767 /* TaskDetailViewController.swift */,
				DCCF2AA129C5261800491767 /* TaskAnnotationView.swift */,
				DCCF2AA329C528AE00491767 /* TaskComposeViewController.swift */,
			);
			path = "Scavenger Hunt";
			sourceTree = "<group>";
		};
/* End PBXGroup section */

/* Begin PBXNativeTarget section */
		DCCF2A8329C50EC000491767 /* Scavenger Hunt */ = {
			isa = PBXNativeTarget;
			buildConfigurationList = DCCF2A9829C50EC100491767 /* Build configuration list for PBXNativeTarget "Scavenger Hunt" */;
			buildPhases = (
				DCCF2A8029C50EC000491767 /* Sources */,
				DCCF2A8129C50EC000491767 /* Frameworks */,
				DCCF2A8229C50EC000491767 /* Resources */,
			);
			buildRules = (
			);
			dependencies = (
			);
			name = "Scavenger Hunt";
			productName = "Scavenger Hunt";
			productReference = DCCF2A8429C50EC000491767 /* Scavenger Hunt.app */;
			productType = "com.apple.product-type.application";
		};
/* End PBXNativeTarget section */

/* Begin PBXProject section */
		DCCF2A7C29C50EC000491767 /* Project object */ = {
			isa = PBXProject;
			attributes = {
				BuildIndependentTargetsInParallel = 1;
				LastSwiftUpdateCheck = 1420;
				LastUpgradeCheck = 1420;
				TargetAttributes = {
					DCCF2A8329C50EC000491767 = {
						CreatedOnToolsVersion = 14.2;
					};
				};
			};
			buildConfigurationList = DCCF2A7F29C50EC000491767 /* Build configuration list for PBXProject "Scavenger Hunt" */;
			compatibilityVersion = "Xcode 14.0";
			developmentRegion = en;
			hasScannedForEncodings = 0;
			knownRegions = (
				en,
				Base,
			);
			mainGroup = DCCF2A7B29C50EC000491767;
			productRefGroup = DCCF2A8529C50EC000491767 /* Products */;
			projectDirPath = "";
			projectRoot = "";
			targets = (
				DCCF2A8329C50EC000491767 /* Scavenger Hunt */,
			);
		};
/* End PBXProject section */

/* Begin PBXResourcesBuildPhase section */
		DCCF2A8229C50EC000491767 /* Resources */ = {
			isa = PBXResourcesBuildPhase;
			buildActionMask = 2147483647;
			files = (
				DCCF2A9429C50EC100491767 /* LaunchScreen.storyboard in Resources */,
				DCCF2A9129C50EC100491767 /* Assets.xcassets in Resources */,
				DCCF2A8F29C50EC000491767 /* Main.storyboard in Resources */,
			);
			runOnlyForDeploymentPostprocessing = 0;
		};
/* End PBXResourcesBuildPhase section */

/* Begin PBXSourcesBuildPhase section */
		DCCF2A8029C50EC000491767 /* Sources */ = {
			isa = PBXSourcesBuildPhase;
			buildActionMask = 2147483647;
			files = (
				DCCF2AA029C51A6F00491767 /* TaskDetailViewController.swift in Sources */,
				DCCF2A9C29C50EED00491767 /* Task.swift in Sources */,
				DCCF2AA429C528AE00491767 /* TaskComposeViewController.swift in Sources */,
				DCCF2A8C29C50EC000491767 /* TaskListViewController.swift in Sources */,
				DCCF2A8829C50EC000491767 /* AppDelegate.swift in Sources */,
				DCCF2A8A29C50EC000491767 /* SceneDelegate.swift in Sources */,
				DCCF2AA229C5261800491767 /* TaskAnnotationView.swift in Sources */,
				DCCF2A9E29C50FA200491767 /* TaskCell.swift in Sources */,
			);
			runOnlyForDeploymentPostprocessing = 0;
		};
/* End PBXSourcesBuildPhase section */

/* Begin PBXVariantGroup section */
		DCCF2A8D29C50EC000491767 /* Main.storyboard */ = {
			isa = PBXVariantGroup;
			children = (
				DCCF2A8E29C50EC000491767 /* Base */,
			);
			name = Main.storyboard;
			sourceTree = "<group>";
		};
		DCCF2A9229C50EC100491767 /* LaunchScreen.storyboard */ = {
			isa = PBXVariantGroup;
			children = (
				DCCF2A9329C50EC100491767 /* Base */,
			);
			name = LaunchScreen.storyboard;
			sourceTree = "<group>";
		};
/* End PBXVariantGroup section */

/* Begin XCBuildConfiguration section */
		DCCF2A9629C50EC100491767 /* Debug */ = {
			isa = XCBuildConfiguration;
			buildSettings = {
				ALWAYS_SEARCH_USER_PATHS = NO;
				CLANG_ANALYZER_NONNULL = YES;
				CLANG_ANALYZER_NUMBER_OBJECT_CONVERSION = YES_AGGRESSIVE;
				CLANG_CXX_LANGUAGE_STANDARD = "gnu++20";
				CLANG_ENABLE_MODULES = YES;
				CLANG_ENABLE_OBJC_ARC = YES;
				CLANG_ENABLE_OBJC_WEAK = YES;
				CLANG_WARN_BLOCK_CAPTURE_AUTORELEASING = YES;
				CLANG_WARN_BOOL_CONVERSION = YES;
				CLANG_WARN_COMMA = YES;
				CLANG_WARN_CONSTANT_CONVERSION = YES;
				CLANG_WARN_DEPRECATED_OBJC_IMPLEMENTATIONS = YES;
				CLANG_WARN_DIRECT_OBJC_ISA_USAGE = YES_ERROR;
				CLANG_WARN_DOCUMENTATION_COMMENTS = YES;
				CLANG_WARN_EMPTY_BODY = YES;
				CLANG_WARN_ENUM_CONVERSION = YES;
				CLANG_WARN_INFINITE_RECURSION = YES;
				CLANG_WARN_INT_CONVERSION = YES;
				CLANG_WARN_NON_LITERAL_NULL_CONVERSION = YES;
				CLANG_WARN_OBJC_IMPLICIT_RETAIN_SELF = YES;
				CLANG_WARN_OBJC_LITERAL_CONVERSION = YES;
				CLANG_WARN_OBJC_ROOT_CLASS = YES_ERROR;
				CLANG_WARN_QUOTED_INCLUDE_IN_FRAMEWORK_HEADER = YES;
				CLANG_WARN_RANGE_LOOP_ANALYSIS = YES;
				CLANG_WARN_STRICT_PROTOTYPES = YES;
				CLANG_WARN_SUSPICIOUS_MOVE = YES;
				CLANG_WARN_UNGUARDED_AVAILABILITY = YES_AGGRESSIVE;
				CLANG_WARN_UNREACHABLE_CODE = YES;
				CLANG_WARN__DUPLICATE_METHOD_MATCH = YES;
				COPY_PHASE_STRIP = NO;
				DEBUG_INFORMATION_FORMAT = dwarf;
				ENABLE_STRICT_OBJC_MSGSEND = YES;
				ENABLE_TESTABILITY = YES;
				GCC_C_LANGUAGE_STANDARD = gnu11;
				GCC_DYNAMIC_NO_PIC = NO;
				GCC_NO_COMMON_BLOCKS = YES;
				GCC_OPTIMIZATION_LEVEL = 0;
				GCC_PREPROCESSOR_DEFINITIONS = (
					"DEBUG=1",
					"$(inherited)",
				);
				GCC_WARN_64_TO_32_BIT_CONVERSION = YES;
				GCC_WARN_ABOUT_RETURN_TYPE = YES_ERROR;
				GCC_WARN_UNDECLARED_SELECTOR = YES;
				GCC_WARN_UNINITIALIZED_AUTOS = YES_AGGRESSIVE;
				GCC_WARN_UNUSED_FUNCTION = YES;
				GCC_WARN_UNUSED_VARIABLE = YES;
				IPHONEOS_DEPLOYMENT_TARGET = 16.2;
				MTL_ENABLE_DEBUG_INFO = INCLUDE_SOURCE;
				MTL_FAST_MATH = YES;
				ONLY_ACTIVE_ARCH = YES;
				SDKROOT = iphoneos;
				SWIFT_ACTIVE_COMPILATION_CONDITIONS = DEBUG;
				SWIFT_OPTIMIZATION_LEVEL = "-Onone";
			};
			name = Debug;
		};
		DCCF2A9729C50EC100491767 /* Release */ = {
			isa = XCBuildConfiguration;
			buildSettings = {
				ALWAYS_SEARCH_USER_PATHS = NO;
				CLANG_ANALYZER_NONNULL = YES;
				CLANG_ANALYZER_NUMBER_OBJECT_CONVERSION = YES_AGGRESSIVE;
				CLANG_CXX_LANGUAGE_STANDARD = "gnu++20";
				CLANG_ENABLE_MODULES = YES;
				CLANG_ENABLE_OBJC_ARC = YES;
				CLANG_ENABLE_OBJC_WEAK = YES;
				CLANG_WARN_BLOCK_CAPTURE_AUTORELEASING = YES;
				CLANG_WARN_BOOL_CONVERSION = YES;
				CLANG_WARN_COMMA = YES;
				CLANG_WARN_CONSTANT_CONVERSION = YES;
				CLANG_WARN_DEPRECATED_OBJC_IMPLEMENTATIONS = YES;
				CLANG_WARN_DIRECT_OBJC_ISA_USAGE = YES_ERROR;
				CLANG_WARN_DOCUMENTATION_COMMENTS = YES;
				CLANG_WARN_EMPTY_BODY = YES;
				CLANG_WARN_ENUM_CONVERSION = YES;
				CLANG_WARN_INFINITE_RECURSION = YES;
				CLANG_WARN_INT_CONVERSION = YES;
				CLANG_WARN_NON_LITERAL_NULL_CONVERSION = YES;
				CLANG_WARN_OBJC_IMPLICIT_RETAIN_SELF = YES;
				CLANG_WARN_OBJC_LITERAL_CONVERSION = YES;
				CLANG_WARN_OBJC_ROOT_CLASS = YES_ERROR;
				CLANG_WARN_QUOTED_INCLUDE_IN_FRAMEWORK_HEADER = YES;
				CLANG_WARN_RANGE_LOOP_ANALYSIS = YES;
				CLANG_WARN_STRICT_PROTOTYPES = YES;
				CLANG_WARN_SUSPICIOUS_MOVE = YES;
				CLANG_WARN_UNGUARDED_AVAILABILITY = YES_AGGRESSIVE;
				CLANG_WARN_UNREACHABLE_CODE = YES;
				CLANG_WARN__DUPLICATE_METHOD_MATCH = YES;
				COPY_PHASE_STRIP = NO;
				DEBUG_INFORMATION_FORMAT = "dwarf-with-dsym";
				ENABLE_NS_ASSERTIONS = NO;
				ENABLE_STRICT_OBJC_MSGSEND = YES;
				GCC_C_LANGUAGE_STANDARD = gnu11;
				GCC_NO_COMMON_BLOCKS = YES;
				GCC_WARN_64_TO_32_BIT_CONVERSION = YES;
				GCC_WARN_ABOUT_RETURN_TYPE = YES_ERROR;
				GCC_WARN_UNDECLARED_SELECTOR = YES;
				GCC_WARN_UNINITIALIZED_AUTOS = YES_AGGRESSIVE;
				GCC_WARN_UNUSED_FUNCTION = YES;
				GCC_WARN_UNUSED_VARIABLE = YES;
				IPHONEOS_DEPLOYMENT_TARGET = 16.2;
				MTL_ENABLE_DEBUG_INFO = NO;
				MTL_FAST_MATH = YES;
				SDKROOT = iphoneos;
				SWIFT_COMPILATION_MODE = wholemodule;
				SWIFT_OPTIMIZATION_LEVEL = "-O";
				VALIDATE_PRODUCT = YES;
			};
			name = Release;
		};
		DCCF2A9929C50EC100491767 /* Debug */ = {
			isa = XCBuildConfiguration;
			buildSettings = {
				ASSETCATALOG_COMPILER_APPICON_NAME = AppIcon;
				ASSETCATALOG_COMPILER_GLOBAL_ACCENT_COLOR_NAME = AccentColor;
				CODE_SIGN_STYLE = Automatic;
				CURRENT_PROJECT_VERSION = 1;
				DEVELOPMENT_TEAM = TYWTDH9X79;
				GENERATE_INFOPLIST_FILE = YES;
				INFOPLIST_FILE = "Scavenger Hunt/Info.plist";
				INFOPLIST_KEY_UIApplicationSupportsIndirectInputEvents = YES;
				INFOPLIST_KEY_UILaunchStoryboardName = LaunchScreen;
				INFOPLIST_KEY_UIMainStoryboardFile = Main;
				INFOPLIST_KEY_UISupportedInterfaceOrientations_iPad = "UIInterfaceOrientationPortrait UIInterfaceOrientationPortraitUpsideDown UIInterfaceOrientationLandscapeLeft UIInterfaceOrientationLandscapeRight";
				INFOPLIST_KEY_UISupportedInterfaceOrientations_iPhone = "UIInterfaceOrientationPortrait UIInterfaceOrientationLandscapeLeft UIInterfaceOrientationLandscapeRight";
				LD_RUNPATH_SEARCH_PATHS = (
					"$(inherited)",
					"@executable_path/Frameworks",
				);
				MARKETING_VERSION = 1.0;
				PRODUCT_BUNDLE_IDENTIFIER = "jammy.sust.Scavenger-Hunt";
				PRODUCT_NAME = "$(TARGET_NAME)";
				SWIFT_EMIT_LOC_STRINGS = YES;
				SWIFT_VERSION = 5.0;
				TARGETED_DEVICE_FAMILY = "1,2";
			};
			name = Debug;
		};
		DCCF2A9A29C50EC100491767 /* Release */ = {
			isa = XCBuildConfiguration;
			buildSettings = {
				ASSETCATALOG_COMPILER_APPICON_NAME = AppIcon;
				ASSETCATALOG_COMPILER_GLOBAL_ACCENT_COLOR_NAME = AccentColor;
				CODE_SIGN_STYLE = Automatic;
				CURRENT_PROJECT_VERSION = 1;
				DEVELOPMENT_TEAM = TYWTDH9X79;
				GENERATE_INFOPLIST_FILE = YES;
				INFOPLIST_FILE = "Scavenger Hunt/Info.plist";
				INFOPLIST_KEY_UIApplicationSupportsIndirectInputEvents = YES;
				INFOPLIST_KEY_UILaunchStoryboardName = LaunchScreen;
				INFOPLIST_KEY_UIMainStoryboardFile = Main;
				INFOPLIST_KEY_UISupportedInterfaceOrientations_iPad = "UIInterfaceOrientationPortrait UIInterfaceOrientationPortraitUpsideDown UIInterfaceOrientationLandscapeLeft UIInterfaceOrientationLandscapeRight";
				INFOPLIST_KEY_UISupportedInterfaceOrientations_iPhone = "UIInterfaceOrientationPortrait UIInterfaceOrientationLandscapeLeft UIInterfaceOrientationLandscapeRight";
				LD_RUNPATH_SEARCH_PATHS = (
					"$(inherited)",
					"@executable_path/Frameworks",
				);
				MARKETING_VERSION = 1.0;
				PRODUCT_BUNDLE_IDENTIFIER = "jammy.sust.Scavenger-Hunt";
				PRODUCT_NAME = "$(TARGET_NAME)";
				SWIFT_EMIT_LOC_STRINGS = YES;
				SWIFT_VERSION = 5.0;
				TARGETED_DEVICE_FAMILY = "1,2";
			};
			name = Release;
		};
/* End XCBuildConfiguration section */

/* Begin XCConfigurationList section */
		DCCF2A7F29C50EC000491767 /* Build configuration list for PBXProject "Scavenger Hunt" */ = {
			isa = XCConfigurationList;
			buildConfigurations = (
				DCCF2A9629C50EC100491767 /* Debug */,
				DCCF2A9729C50EC100491767 /* Release */,
			);
			defaultConfigurationIsVisible = 0;
			defaultConfigurationName = Release;
		};
		DCCF2A9829C50EC100491767 /* Build configuration list for PBXNativeTarget "Scavenger Hunt" */ = {
			isa = XCConfigurationList;
			buildConfigurations = (
				DCCF2A9929C50EC100491767 /* Debug */,
				DCCF2A9A29C50EC100491767 /* Release */,
			);
			defaultConfigurationIsVisible = 0;
			defaultConfigurationName = Release;
		};
/* End XCConfigurationList section */
	};
	rootObject = DCCF2A7C29C50EC000491767 /* Project object */;
}
